
Microsoft Visual Studio Solution File, Format Version 12.00
# Visual Studio 2012
Project("{FAE04EC0-301F-11D3-BF4B-00C04F79EFBC}") = "WaterMeterSync", "WaterMeterSync\WaterMeterSync.csproj", "{DA4248A4-B8C9-4D05-9FB2-0485D5C4D783}"
EndProject
Project("{FAE04EC0-301F-11D3-BF4B-00C04F79EFBC}") = "Ws4Guard", "Ws4Guard\Ws4Guard.csproj", "{810AD07D-0B73-4C5B-A00F-DFAB73752314}"
EndProject
Global
	GlobalSection(SolutionConfigurationPlatforms) = preSolution
		Debug|Any CPU = Debug|Any CPU
		Release|Any CPU = Release|Any CPU
	EndGlobalSection
	GlobalSection(ProjectConfigurationPlatforms) = postSolution
		{DA4248A4-B8C9-4D05-9FB2-0485D5C4D783}.Debug|Any CPU.ActiveCfg = Debug|Any CPU
		{DA4248A4-B8C9-4D05-9FB2-0485D5C4D783}.Debug|Any CPU.Build.0 = Debug|Any CPU
		{DA4248A4-B8C9-4D05-9FB2-0485D5C4D783}.Release|Any CPU.ActiveCfg = Release|Any CPU
		{DA4248A4-B8C9-4D05-9FB2-0485D5C4D783}.Release|Any CPU.Build.0 = Release|Any CPU
		{810AD07D-0B73-4C5B-A00F-DFAB73752314}.Debug|Any CPU.ActiveCfg = Debug|Any CPU
		{810AD07D-0B73-4C5B-A00F-DFAB73752314}.Debug|Any CPU.Build.0 = Debug|Any CPU
		{810AD07D-0B73-4C5B-A00F-DFAB73752314}.Release|Any CPU.ActiveCfg = Release|Any CPU
		{810AD07D-0B73-4C5B-A00F-DFAB73752314}.Release|Any CPU.Build.0 = Release|Any CPU
	EndGlobalSection
	GlobalSection(SolutionProperties) = preSolution
		HideSolutionNode = FALSE
	EndGlobalSection
EndGlobal
